// !$*UTF8*$!
{
	archiveVersion = 1;
	classes = {
	};
	objectVersion = 77;
	objects = {

/* Begin PBXBuildFile section */
		A1000000000000000000B001 /* PlanMeterRemote in Frameworks */ = {isa = PBXBuildFile; productRef = A1000000000000000000P001 /* PlanMeterRemote */; };
		A1000000000000000000B002 /* PlanMeterWatchShared in Frameworks */ = {isa = PBXBuildFile; productRef = A1000000000000000000P002 /* PlanMeterWatchShared */; };
		A1000000000000000000B003 /* PlanMeterWatchShared in Frameworks */ = {isa = PBXBuildFile; productRef = A1000000000000000000P003 /* PlanMeterWatchShared */; };
		A1000000000000000000B004 /* PlanMeterWatchShared in Frameworks */ = {isa = PBXBuildFile; productRef = A1000000000000000000P004 /* PlanMeterWatchShared */; };
		A1000000000000000000B005 /* PlanMeterWatch.app in Embed Watch Content */ = {isa = PBXBuildFile; fileRef = A1000000000000000000F002 /* PlanMeterWatch.app */; settings = {ATTRIBUTES = (RemoveHeadersOnCopy, ); }; };
		A1000000000000000000B006 /* PlanMeterWatchWidgetExtension.appex in Embed Foundation Extensions */ = {isa = PBXBuildFile; fileRef = A1000000000000000000F003 /* PlanMeterWatchWidgetExtension.appex */; settings = {ATTRIBUTES = (RemoveHeadersOnCopy, ); }; };
/* End PBXBuildFile section */

/* Begin PBXContainerItemProxy section */
		A1000000000000000000X001 /* PBXContainerItemProxy */ = {
			isa = PBXContainerItemProxy;
			containerPortal = A1000000000000000000PR01 /* Project object */;
			proxyType = 1;
			remoteGlobalIDString = A1000000000000000000T002;
			remoteInfo = PlanMeterWatch;
		};
		A1000000000000000000X002 /* PBXContainerItemProxy */ = {
			isa = PBXContainerItemProxy;
			containerPortal = A1000000000000000000PR01 /* Project object */;
			proxyType = 1;
			remoteGlobalIDString = A1000000000000000000T003;
			remoteInfo = PlanMeterWatchWidgetExtension;
		};
/* End PBXContainerItemProxy section */

/* Begin PBXCopyFilesBuildPhase section */
		A1000000000000000000CP01 /* Embed Watch Content */ = {
			isa = PBXCopyFilesBuildPhase;
			buildActionMask = 2147483647;
			dstPath = "$(CONTENTS_FOLDER_PATH)/Watch";
			dstSubfolderSpec = 16;
			files = (
				A1000000000000000000B005 /* PlanMeterWatch.app in Embed Watch Content */,
			);
			name = "Embed Watch Content";
			runOnlyForDeploymentPostprocessing = 0;
		};
		A1000000000000000000CP02 /* Embed Foundation Extensions */ = {
			isa = PBXCopyFilesBuildPhase;
			buildActionMask = 2147483647;
			dstPath = "";
			dstSubfolderSpec = 13;
			files = (
				A1000000000000000000B006 /* PlanMeterWatchWidgetExtension.appex in Embed Foundation Extensions */,
			);
			name = "Embed Foundation Extensions";
			runOnlyForDeploymentPostprocessing = 0;
		};
/* End PBXCopyFilesBuildPhase section */

/* Begin PBXFileReference section */
		A1000000000000000000F001 /* PlanMeterMobile.app */ = {isa = PBXFileReference; explicitFileType = wrapper.application; includeInIndex = 0; path = PlanMeterMobile.app; sourceTree = BUILT_PRODUCTS_DIR; };
		A1000000000000000000F002 /* PlanMeterWatch.app */ = {isa = PBXFileReference; explicitFileType = wrapper.application; includeInIndex = 0; path = PlanMeterWatch.app; sourceTree = BUILT_PRODUCTS_DIR; };
		A1000000000000000000F003 /* PlanMeterWatchWidgetExtension.appex */ = {isa = PBXFileReference; explicitFileType = "wrapper.app-extension"; includeInIndex = 0; path = PlanMeterWatchWidgetExtension.appex; sourceTree = BUILT_PRODUCTS_DIR; };
/* End PBXFileReference section */

/* Begin PBXFileSystemSynchronizedBuildFileExceptionSet section */
		A1000000000000000000E001 /* Exceptions for "PlanMeterMobile" folder in "PlanMeterMobile" target */ = {
			isa = PBXFileSystemSynchronizedBuildFileExceptionSet;
			membershipExceptions = (
				Info.plist,
			);
			target = A1000000000000000000T001 /* PlanMeterMobile */;
		};
		A1000000000000000000E002 /* Exceptions for "PlanMeterWatch" folder in "PlanMeterWatch" target */ = {
			isa = PBXFileSystemSynchronizedBuildFileExceptionSet;
			membershipExceptions = (
				Info.plist,
				PlanMeterWatch.entitlements,
			);
			target = A1000000000000000000T002 /* PlanMeterWatch */;
		};
		A1000000000000000000E003 /* Exceptions for "PlanMeterWatchWidget" folder in "PlanMeterWatchWidgetExtension" target */ = {
			isa = PBXFileSystemSynchronizedBuildFileExceptionSet;
			membershipExceptions = (
				Info.plist,
				PlanMeterWatchWidget.entitlements,
			);
			target = A1000000000000000000T003 /* PlanMeterWatchWidgetExtension */;
		};
/* End PBXFileSystemSynchronizedBuildFileExceptionSet section */

/* Begin PBXFileSystemSynchronizedRootGroup section */
		A1000000000000000000G001 /* PlanMeterMobile */ = {
			isa = PBXFileSystemSynchronizedRootGroup;
			exceptions = (
				A1000000000000000000E001 /* Exceptions for "PlanMeterMobile" folder in "PlanMeterMobile" target */,
			);
			path = PlanMeterMobile;
			sourceTree = "<group>";
		};
		A1000000000000000000G002 /* PlanMeterWatch */ = {
			isa = PBXFileSystemSynchronizedRootGroup;
			exceptions = (
				A1000000000000000000E002 /* Exceptions for "PlanMeterWatch" folder in "PlanMeterWatch" target */,
			);
			path = PlanMeterWatch;
			sourceTree = "<group>";
		};
		A1000000000000000000G003 /* PlanMeterWatchWidget */ = {
			isa = PBXFileSystemSynchronizedRootGroup;
			exceptions = (
				A1000000000000000000E003 /* Exceptions for "PlanMeterWatchWidget" folder in "PlanMeterWatchWidgetExtension" target */,
			);
			path = PlanMeterWatchWidget;
			sourceTree = "<group>";
		};
/* End PBXFileSystemSynchronizedRootGroup section */

/* Begin PBXFrameworksBuildPhase section */
		A1000000000000000000PH02 /* Frameworks */ = {
			isa = PBXFrameworksBuildPhase;
			buildActionMask = 2147483647;
			files = (
				A1000000000000000000B001 /* PlanMeterRemote in Frameworks */,
				A1000000000000000000B002 /* PlanMeterWatchShared in Frameworks */,
			);
			runOnlyForDeploymentPostprocessing = 0;
		};
		A1000000000000000000PH05 /* Frameworks */ = {
			isa = PBXFrameworksBuildPhase;
			buildActionMask = 2147483647;
			files = (
				A1000000000000000000B003 /* PlanMeterWatchShared in Frameworks */,
			);
			runOnlyForDeploymentPostprocessing = 0;
		};
		A1000000000000000000PH08 /* Frameworks */ = {
			isa = PBXFrameworksBuildPhase;
			buildActionMask = 2147483647;
			files = (
				A1000000000000000000B004 /* PlanMeterWatchShared in Frameworks */,
			);
			runOnlyForDeploymentPostprocessing = 0;
		};
/* End PBXFrameworksBuildPhase section */

/* Begin PBXGroup section */
		A1000000000000000000G000 = {
			isa = PBXGroup;
			children = (
				A1000000000000000000G001 /* PlanMeterMobile */,
				A1000000000000000000G002 /* PlanMeterWatch */,
				A1000000000000000000G003 /* PlanMeterWatchWidget */,
				A1000000000000000000GP00 /* Products */,
			);
			sourceTree = "<group>";
		};
		A1000000000000000000GP00 /* Products */ = {
			isa = PBXGroup;
			children = (
				A1000000000000000000F001 /* PlanMeterMobile.app */,
				A1000000000000000000F002 /* PlanMeterWatch.app */,
				A1000000000000000000F003 /* PlanMeterWatchWidgetExtension.appex */,
			);
			name = Products;
			sourceTree = "<group>";
		};
/* End PBXGroup section */

/* Begin PBXNativeTarget section */
		A1000000000000000000T001 /* PlanMeterMobile */ = {
			isa = PBXNativeTarget;
			buildConfigurationList = A1000000000000000000CL02 /* Build configuration list for PBXNativeTarget "PlanMeterMobile" */;
			buildPhases = (
				A1000000000000000000PH01 /* Sources */,
				A1000000000000000000PH02 /* Frameworks */,
				A1000000000000000000PH03 /* Resources */,
				A1000000000000000000CP01 /* Embed Watch Content */,
			);
			buildRules = (
			);
			dependencies = (
				A1000000000000000000D001 /* PBXTargetDependency */,
			);
			fileSystemSynchronizedGroups = (
				A1000000000000000000G001 /* PlanMeterMobile */,
			);
			name = PlanMeterMobile;
			packageProductDependencies = (
				A1000000000000000000P001 /* PlanMeterRemote */,
				A1000000000000000000P002 /* PlanMeterWatchShared */,
			);
			productName = PlanMeterMobile;
			productReference = A1000000000000000000F001 /* PlanMeterMobile.app */;
			productType = "com.apple.product-type.application";
		};
		A1000000000000000000T002 /* PlanMeterWatch */ = {
			isa = PBXNativeTarget;
			buildConfigurationList = A1000000000000000000CL03 /* Build configuration list for PBXNativeTarget "PlanMeterWatch" */;
			buildPhases = (
				A1000000000000000000PH04 /* Sources */,
				A1000000000000000000PH05 /* Frameworks */,
				A1000000000000000000PH06 /* Resources */,
				A1000000000000000000CP02 /* Embed Foundation Extensions */,
			);
			buildRules = (
			);
			dependencies = (
				A1000000000000000000D002 /* PBXTargetDependency */,
			);
			fileSystemSynchronizedGroups = (
				A1000000000000000000G002 /* PlanMeterWatch */,
			);
			name = PlanMeterWatch;
			packageProductDependencies = (
				A1000000000000000000P003 /* PlanMeterWatchShared */,
			);
			productName = PlanMeterWatch;
			productReference = A1000000000000000000F002 /* PlanMeterWatch.app */;
			productType = "com.apple.product-type.application";
		};
		A1000000000000000000T003 /* PlanMeterWatchWidgetExtension */ = {
			isa = PBXNativeTarget;
			buildConfigurationList = A1000000000000000000CL04 /* Build configuration list for PBXNativeTarget "PlanMeterWatchWidgetExtension" */;
			buildPhases = (
				A1000000000000000000PH07 /* Sources */,
				A1000000000000000000PH08 /* Frameworks */,
				A1000000000000000000PH09 /* Resources */,
			);
			buildRules = (
			);
			dependencies = (
			);
			fileSystemSynchronizedGroups = (
				A1000000000000000000G003 /* PlanMeterWatchWidget */,
			);
			name = PlanMeterWatchWidgetExtension;
			packageProductDependencies = (
				A1000000000000000000P004 /* PlanMeterWatchShared */,
			);
			productName = PlanMeterWatchWidgetExtension;
			productReference = A1000000000000000000F003 /* PlanMeterWatchWidgetExtension.appex */;
			productType = "com.apple.product-type.app-extension";
		};
/* End PBXNativeTarget section */

/* Begin PBXProject section */
		A1000000000000000000PR01 /* Project object */ = {
			isa = PBXProject;
			attributes = {
				BuildIndependentTargetsInParallel = 1;
				LastSwiftUpdateCheck = 2600;
				LastUpgradeCheck = 2600;
				TargetAttributes = {
					A1000000000000000000T001 = {
						CreatedOnToolsVersion = 26.0;
					};
					A1000000000000000000T002 = {
						CreatedOnToolsVersion = 26.0;
					};
					A1000000000000000000T003 = {
						CreatedOnToolsVersion = 26.0;
					};
				};
			};
			buildConfigurationList = A1000000000000000000CL01 /* Build configuration list for PBXProject "PlanMeterMobile" */;
			developmentRegion = en;
			hasScannedForEncodings = 0;
			knownRegions = (
				en,
				Base,
			);
			mainGroup = A1000000000000000000G000;
			minimizedProjectReferenceProxies = 1;
			packageReferences = (
				A1000000000000000000LP01 /* XCLocalSwiftPackageReference "../.." */,
			);
			preferredProjectObjectVersion = 77;
			productRefGroup = A1000000000000000000GP00 /* Products */;
			projectDirPath = "";
			projectRoot = "";
			targets = (
				A1000000000000000000T001 /* PlanMeterMobile */,
				A1000000000000000000T002 /* PlanMeterWatch */,
				A1000000000000000000T003 /* PlanMeterWatchWidgetExtension */,
			);
		};
/* End PBXProject section */

/* Begin PBXResourcesBuildPhase section */
		A1000000000000000000PH03 /* Resources */ = {
			isa = PBXResourcesBuildPhase;
			buildActionMask = 2147483647;
			files = (
			);
			runOnlyForDeploymentPostprocessing = 0;
		};
		A1000000000000000000PH06 /* Resources */ = {
			isa = PBXResourcesBuildPhase;
			buildActionMask = 2147483647;
			files = (
			);
			runOnlyForDeploymentPostprocessing = 0;
		};
		A1000000000000000000PH09 /* Resources */ = {
			isa = PBXResourcesBuildPhase;
			buildActionMask = 2147483647;
			files = (
			);
			runOnlyForDeploymentPostprocessing = 0;
		};
/* End PBXResourcesBuildPhase section */

/* Begin PBXSourcesBuildPhase section */
		A1000000000000000000PH01 /* Sources */ = {
			isa = PBXSourcesBuildPhase;
			buildActionMask = 2147483647;
			files = (
			);
			runOnlyForDeploymentPostprocessing = 0;
		};
		A1000000000000000000PH04 /* Sources */ = {
			isa = PBXSourcesBuildPhase;
			buildActionMask = 2147483647;
			files = (
			);
			runOnlyForDeploymentPostprocessing = 0;
		};
		A1000000000000000000PH07 /* Sources */ = {
			isa = PBXSourcesBuildPhase;
			buildActionMask = 2147483647;
			files = (
			);
			runOnlyForDeploymentPostprocessing = 0;
		};
/* End PBXSourcesBuildPhase section */

/* Begin PBXTargetDependency section */
		A1000000000000000000D001 /* PBXTargetDependency */ = {
			isa = PBXTargetDependency;
			target = A1000000000000000000T002 /* PlanMeterWatch */;
			targetProxy = A1000000000000000000X001 /* PBXContainerItemProxy */;
		};
		A1000000000000000000D002 /* PBXTargetDependency */ = {
			isa = PBXTargetDependency;
			target = A1000000000000000000T003 /* PlanMeterWatchWidgetExtension */;
			targetProxy = A1000000000000000000X002 /* PBXContainerItemProxy */;
		};
/* End PBXTargetDependency section */

/* Begin XCBuildConfiguration section */
		A1000000000000000000C001 /* Debug */ = {
			isa = XCBuildConfiguration;
			buildSettings = {
				ALWAYS_SEARCH_USER_PATHS = NO;
				CLANG_ANALYZER_NONNULL = YES;
				CLANG_ENABLE_MODULES = YES;
				CLANG_ENABLE_OBJC_ARC = YES;
				COPY_PHASE_STRIP = NO;
				DEBUG_INFORMATION_FORMAT = dwarf;
				ENABLE_STRICT_OBJC_MSGSEND = YES;
				ENABLE_TESTABILITY = YES;
				ENABLE_USER_SCRIPT_SANDBOXING = YES;
				GCC_C_LANGUAGE_STANDARD = gnu17;
				GCC_DYNAMIC_NO_PIC = NO;
				GCC_NO_COMMON_BLOCKS = YES;
				GCC_OPTIMIZATION_LEVEL = 0;
				GCC_PREPROCESSOR_DEFINITIONS = (
					"DEBUG=1",
					"$(inherited)",
				);
				MTL_ENABLE_DEBUG_INFO = INCLUDE_SOURCE;
				MTL_FAST_MATH = YES;
				ONLY_ACTIVE_ARCH = YES;
				SWIFT_ACTIVE_COMPILATION_CONDITIONS = "DEBUG $(inherited)";
				SWIFT_OPTIMIZATION_LEVEL = "-Onone";
			};
			name = Debug;
		};
		A1000000000000000000C002 /* Release */ = {
			isa = XCBuildConfiguration;
			buildSettings = {
				ALWAYS_SEARCH_USER_PATHS = NO;
				CLANG_ANALYZER_NONNULL = YES;
				CLANG_ENABLE_MODULES = YES;
				CLANG_ENABLE_OBJC_ARC = YES;
				COPY_PHASE_STRIP = NO;
				DEBUG_INFORMATION_FORMAT = "dwarf-with-dsym";
				ENABLE_NS_ASSERTIONS = NO;
				ENABLE_STRICT_OBJC_MSGSEND = YES;
				ENABLE_USER_SCRIPT_SANDBOXING = YES;
				GCC_C_LANGUAGE_STANDARD = gnu17;
				GCC_NO_COMMON_BLOCKS = YES;
				MTL_ENABLE_DEBUG_INFO = NO;
				MTL_FAST_MATH = YES;
				SWIFT_COMPILATION_MODE = wholemodule;
			};
			name = Release;
		};
		A1000000000000000000C003 /* Debug */ = {
			isa = XCBuildConfiguration;
			buildSettings = {
				ASSETCATALOG_COMPILER_GENERATE_SWIFT_ASSET_SYMBOL_EXTENSIONS = YES;
				CODE_SIGN_STYLE = Automatic;
				CURRENT_PROJECT_VERSION = 2;
				DEVELOPMENT_TEAM = "";
				ENABLE_PREVIEWS = YES;
				GENERATE_INFOPLIST_FILE = NO;
				INFOPLIST_FILE = PlanMeterMobile/Info.plist;
				IPHONEOS_DEPLOYMENT_TARGET = 17.0;
				LD_RUNPATH_SEARCH_PATHS = (
					"$(inherited)",
					"@executable_path/Frameworks",
				);
				MARKETING_VERSION = 0.2.0;
				PRODUCT_BUNDLE_IDENTIFIER = com.neilgoldader.planmeter.mobile;
				PRODUCT_NAME = "$(TARGET_NAME)";
				SDKROOT = iphoneos;
				SUPPORTS_MACCATALYST = NO;
				SWIFT_EMIT_LOC_STRINGS = YES;
				SWIFT_VERSION = 5.0;
				TARGETED_DEVICE_FAMILY = "1,2";
			};
			name = Debug;
		};
		A1000000000000000000C004 /* Release */ = {
			isa = XCBuildConfiguration;
			buildSettings = {
				ASSETCATALOG_COMPILER_GENERATE_SWIFT_ASSET_SYMBOL_EXTENSIONS = YES;
				CODE_SIGN_STYLE = Automatic;
				CURRENT_PROJECT_VERSION = 2;
				DEVELOPMENT_TEAM = "";
				ENABLE_PREVIEWS = YES;
				GENERATE_INFOPLIST_FILE = NO;
				INFOPLIST_FILE = PlanMeterMobile/Info.plist;
				IPHONEOS_DEPLOYMENT_TARGET = 17.0;
				LD_RUNPATH_SEARCH_PATHS = (
					"$(inherited)",
					"@executable_path/Frameworks",
				);
				MARKETING_VERSION = 0.2.0;
				PRODUCT_BUNDLE_IDENTIFIER = com.neilgoldader.planmeter.mobile;
				PRODUCT_NAME = "$(TARGET_NAME)";
				SDKROOT = iphoneos;
				SUPPORTS_MACCATALYST = NO;
				SWIFT_EMIT_LOC_STRINGS = YES;
				SWIFT_VERSION = 5.0;
				TARGETED_DEVICE_FAMILY = "1,2";
				VALIDATE_PRODUCT = YES;
			};
			name = Release;
		};
		A1000000000000000000C005 /* Debug */ = {
			isa = XCBuildConfiguration;
			buildSettings = {
				CODE_SIGN_ENTITLEMENTS = PlanMeterWatch/PlanMeterWatch.entitlements;
				CODE_SIGN_STYLE = Automatic;
				CURRENT_PROJECT_VERSION = 2;
				DEVELOPMENT_TEAM = "";
				ENABLE_PREVIEWS = YES;
				GENERATE_INFOPLIST_FILE = NO;
				INFOPLIST_FILE = PlanMeterWatch/Info.plist;
				LD_RUNPATH_SEARCH_PATHS = (
					"$(inherited)",
					"@executable_path/Frameworks",
				);
				MARKETING_VERSION = 0.2.0;
				PRODUCT_BUNDLE_IDENTIFIER = com.neilgoldader.planmeter.mobile.watchkitapp;
				PRODUCT_NAME = "$(TARGET_NAME)";
				SDKROOT = watchos;
				SKIP_INSTALL = YES;
				SWIFT_EMIT_LOC_STRINGS = YES;
				SWIFT_VERSION = 5.0;
				TARGETED_DEVICE_FAMILY = 4;
				WATCHOS_DEPLOYMENT_TARGET = 10.0;
			};
			name = Debug;
		};
		A1000000000000000000C006 /* Release */ = {
			isa = XCBuildConfiguration;
			buildSettings = {
				CODE_SIGN_ENTITLEMENTS = PlanMeterWatch/PlanMeterWatch.entitlements;
				CODE_SIGN_STYLE = Automatic;
				CURRENT_PROJECT_VERSION = 2;
				DEVELOPMENT_TEAM = "";
				ENABLE_PREVIEWS = YES;
				GENERATE_INFOPLIST_FILE = NO;
				INFOPLIST_FILE = PlanMeterWatch/Info.plist;
				LD_RUNPATH_SEARCH_PATHS = (
					"$(inherited)",
					"@executable_path/Frameworks",
				);
				MARKETING_VERSION = 0.2.0;
				PRODUCT_BUNDLE_IDENTIFIER = com.neilgoldader.planmeter.mobile.watchkitapp;
				PRODUCT_NAME = "$(TARGET_NAME)";
				SDKROOT = watchos;
				SKIP_INSTALL = YES;
				SWIFT_EMIT_LOC_STRINGS = YES;
				SWIFT_VERSION = 5.0;
				TARGETED_DEVICE_FAMILY = 4;
				VALIDATE_PRODUCT = YES;
				WATCHOS_DEPLOYMENT_TARGET = 10.0;
			};
			name = Release;
		};
		A1000000000000000000C007 /* Debug */ = {
			isa = XCBuildConfiguration;
			buildSettings = {
				CODE_SIGN_ENTITLEMENTS = PlanMeterWatchWidget/PlanMeterWatchWidget.entitlements;
				CODE_SIGN_STYLE = Automatic;
				CURRENT_PROJECT_VERSION = 2;
				DEVELOPMENT_TEAM = "";
				GENERATE_INFOPLIST_FILE = NO;
				INFOPLIST_FILE = PlanMeterWatchWidget/Info.plist;
				LD_RUNPATH_SEARCH_PATHS = (
					"$(inherited)",
					"@executable_path/Frameworks",
					"@executable_path/../../Frameworks",
				);
				MARKETING_VERSION = 0.2.0;
				PRODUCT_BUNDLE_IDENTIFIER = com.neilgoldader.planmeter.mobile.watchkitapp.widget;
				PRODUCT_NAME = PlanMeterWatchWidgetExtension;
				SDKROOT = watchos;
				SKIP_INSTALL = YES;
				SWIFT_EMIT_LOC_STRINGS = YES;
				SWIFT_VERSION = 5.0;
				TARGETED_DEVICE_FAMILY = 4;
				WATCHOS_DEPLOYMENT_TARGET = 10.0;
			};
			name = Debug;
		};
		A1000000000000000000C008 /* Release */ = {
			isa = XCBuildConfiguration;
			buildSettings = {
				CODE_SIGN_ENTITLEMENTS = PlanMeterWatchWidget/PlanMeterWatchWidget.entitlements;
				CODE_SIGN_STYLE = Automatic;
				CURRENT_PROJECT_VERSION = 2;
				DEVELOPMENT_TEAM = "";
				GENERATE_INFOPLIST_FILE = NO;
				INFOPLIST_FILE = PlanMeterWatchWidget/Info.plist;
				LD_RUNPATH_SEARCH_PATHS = (
					"$(inherited)",
					"@executable_path/Frameworks",
					"@executable_path/../../Frameworks",
				);
				MARKETING_VERSION = 0.2.0;
				PRODUCT_BUNDLE_IDENTIFIER = com.neilgoldader.planmeter.mobile.watchkitapp.widget;
				PRODUCT_NAME = PlanMeterWatchWidgetExtension;
				SDKROOT = watchos;
				SKIP_INSTALL = YES;
				SWIFT_EMIT_LOC_STRINGS = YES;
				SWIFT_VERSION = 5.0;
				TARGETED_DEVICE_FAMILY = 4;
				VALIDATE_PRODUCT = YES;
				WATCHOS_DEPLOYMENT_TARGET = 10.0;
			};
			name = Release;
		};
/* End XCBuildConfiguration section */

/* Begin XCConfigurationList section */
		A1000000000000000000CL01 /* Build configuration list for PBXProject "PlanMeterMobile" */ = {
			isa = XCConfigurationList;
			buildConfigurations = (
				A1000000000000000000C001 /* Debug */,
				A1000000000000000000C002 /* Release */,
			);
			defaultConfigurationIsVisible = 0;
			defaultConfigurationName = Release;
		};
		A1000000000000000000CL02 /* Build configuration list for PBXNativeTarget "PlanMeterMobile" */ = {
			isa = XCConfigurationList;
			buildConfigurations = (
				A1000000000000000000C003 /* Debug */,
				A1000000000000000000C004 /* Release */,
			);
			defaultConfigurationIsVisible = 0;
			defaultConfigurationName = Release;
		};
		A1000000000000000000CL03 /* Build configuration list for PBXNativeTarget "PlanMeterWatch" */ = {
			isa = XCConfigurationList;
			buildConfigurations = (
				A1000000000000000000C005 /* Debug */,
				A1000000000000000000C006 /* Release */,
			);
			defaultConfigurationIsVisible = 0;
			defaultConfigurationName = Release;
		};
		A1000000000000000000CL04 /* Build configuration list for PBXNativeTarget "PlanMeterWatchWidgetExtension" */ = {
			isa = XCConfigurationList;
			buildConfigurations = (
				A1000000000000000000C007 /* Debug */,
				A1000000000000000000C008 /* Release */,
			);
			defaultConfigurationIsVisible = 0;
			defaultConfigurationName = Release;
		};
/* End XCConfigurationList section */

/* Begin XCLocalSwiftPackageReference section */
		A1000000000000000000LP01 /* XCLocalSwiftPackageReference "../.." */ = {
			isa = XCLocalSwiftPackageReference;
			relativePath = ../..;
		};
/* End XCLocalSwiftPackageReference section */

/* Begin XCSwiftPackageProductDependency section */
		A1000000000000000000P001 /* PlanMeterRemote */ = {
			isa = XCSwiftPackageProductDependency;
			productName = PlanMeterRemote;
		};
		A1000000000000000000P002 /* PlanMeterWatchShared */ = {
			isa = XCSwiftPackageProductDependency;
			productName = PlanMeterWatchShared;
		};
		A1000000000000000000P003 /* PlanMeterWatchShared */ = {
			isa = XCSwiftPackageProductDependency;
			productName = PlanMeterWatchShared;
		};
		A1000000000000000000P004 /* PlanMeterWatchShared */ = {
			isa = XCSwiftPackageProductDependency;
			productName = PlanMeterWatchShared;
		};
/* End XCSwiftPackageProductDependency section */
	};
	rootObject = A1000000000000000000PR01 /* Project object */;
}
