<?xml version="1.0" encoding="UTF-8"?>
<Scheme LastUpgradeVersion="1600" version="1.3">
  <BuildAction parallelizeBuildables="YES" buildImplicitDependencies="YES">
    <BuildActionEntries>
      <BuildActionEntry buildForTesting="YES" buildForRunning="YES" buildForProfiling="YES" buildForArchiving="YES" buildForAnalyzing="YES">
        <BuildableReference BuildableIdentifier="primary" BlueprintIdentifier="A00000000000000000000005" BuildableName="PlanMeterDesktopWidget.appex" BlueprintName="PlanMeterDesktopWidget" ReferencedContainer="container:PlanMeterDesktopWidget.xcodeproj"/>
      </BuildActionEntry>
    </BuildActionEntries>
  </BuildAction>
</Scheme>
